// !$*UTF8*$!
{
	archiveVersion = 1;
	classes = {
	};
	objectVersion = 56;
	objects = {

/* Begin PBXBuildFile section */
		338052FA2AB8577A001D9AF3 /* AppDelegate.swift in Sources */ = {isa = PBXBuildFile; fileRef = 338052F92AB8577A001D9AF3 /* AppDelegate.swift */; };
		338052FC2AB8577A001D9AF3 /* art.scnassets in Resources */ = {isa = PBXBuildFile; fileRef = 338052FB2AB8577A001D9AF3 /* art.scnassets */; };
		338052FE2AB8577A001D9AF3 /* ViewController.swift in Sources */ = {isa = PBXBuildFile; fileRef = 338052FD2AB8577A001D9AF3 /* ViewController.swift */; };
		338053012AB8577A001D9AF3 /* Main.storyboard in Resources */ = {isa = PBXBuildFile; fileRef = 338052FF2AB8577A001D9AF3 /* Main.storyboard */; };
		338053032AB8577B001D9AF3 /* Assets.xcassets in Resources */ = {isa = PBXBuildFile; fileRef = 338053022AB8577B001D9AF3 /* Assets.xcassets */; };
		338053062AB8577B001D9AF3 /* LaunchScreen.storyboard in Resources */ = {isa = PBXBuildFile; fileRef = 338053042AB8577B001D9AF3 /* LaunchScreen.storyboard */; };
		3380530F2AB8583B001D9AF3 /* chair.dae in Resources */ = {isa = PBXBuildFile; fileRef = 3380530C2AB8583B001D9AF3 /* chair.dae */; };
		338053102AB8583B001D9AF3 /* Neil Woo03.jpg in Resources */ = {isa = PBXBuildFile; fileRef = 3380530D2AB8583B001D9AF3 /* Neil Woo03.jpg */; };
		338053112AB8583B001D9AF3 /* NeilFabricPlain008.jpg in Resources */ = {isa = PBXBuildFile; fileRef = 3380530E2AB8583B001D9AF3 /* NeilFabricPlain008.jpg */; };
/* End PBXBuildFile section */

/* Begin PBXFileReference section */
		338052F62AB8577A001D9AF3 /* interactionWithARObjects.app */ = {isa = PBXFileReference; explicitFileType = wrapper.application; includeInIndex = 0; path = interactionWithARObjects.app; sourceTree = BUILT_PRODUCTS_DIR; };
		338052F92AB8577A001D9AF3 /* AppDelegate.swift */ = {isa = PBXFileReference; lastKnownFileType = sourcecode.swift; path = AppDelegate.swift; sourceTree = "<group>"; };
		338052FB2AB8577A001D9AF3 /* art.scnassets */ = {isa = PBXFileReference; lastKnownFileType = wrapper.scnassets; path = art.scnassets; sourceTree = "<group>"; };
		338052FD2AB8577A001D9AF3 /* ViewController.swift */ = {isa = PBXFileReference; lastKnownFileType = sourcecode.swift; path = ViewController.swift; sourceTree = "<group>"; };
		338053002AB8577A001D9AF3 /* Base */ = {isa = PBXFileReference; lastKnownFileType = file.storyboard; name = Base; path = Base.lproj/Main.storyboard; sourceTree = "<group>"; };
		338053022AB8577B001D9AF3 /* Assets.xcassets */ = {isa = PBXFileReference; lastKnownFileType = folder.assetcatalog; path = Assets.xcassets; sourceTree = "<group>"; };
		338053052AB8577B001D9AF3 /* Base */ = {isa = PBXFileReference; lastKnownFileType = file.storyboard; name = Base; path = Base.lproj/LaunchScreen.storyboard; sourceTree = "<group>"; };
		3380530C2AB8583B001D9AF3 /* chair.dae */ = {isa = PBXFileReference; fileEncoding = 4; lastKnownFileType = text.xml.dae; path = chair.dae; sourceTree = "<group>"; };
		3380530D2AB8583B001D9AF3 /* Neil Woo03.jpg */ = {isa = PBXFileReference; lastKnownFileType = image.jpeg; path = "Neil Woo03.jpg"; sourceTree = "<group>"; };
		3380530E2AB8583B001D9AF3 /* NeilFabricPlain008.jpg */ = {isa = PBXFileReference; lastKnownFileType = image.jpeg; path = NeilFabricPlain008.jpg; sourceTree = "<group>"; };
/* End PBXFileReference section */

/* Begin PBXFrameworksBuildPhase section */
		338052F32AB8577A001D9AF3 /* Frameworks */ = {
			isa = PBXFrameworksBuildPhase;
			buildActionMask = 2147483647;
			files = (
			);
			runOnlyForDeploymentPostprocessing = 0;
		};
/* End PBXFrameworksBuildPhase section */

/* Begin PBXGroup section */
		338052ED2AB8577A001D9AF3 = {
			isa = PBXGroup;
			children = (
				338052F82AB8577A001D9AF3 /* interactionWithARObjects */,
				338052F72AB8577A001D9AF3 /* Products */,
			);
			sourceTree = "<group>";
		};
		338052F72AB8577A001D9AF3 /* Products */ = {
			isa = PBXGroup;
			children = (
				338052F62AB8577A001D9AF3 /* interactionWithARObjects.app */,
			);
			name = Products;
			sourceTree = "<group>";
		};
		338052F82AB8577A001D9AF3 /* interactionWithARObjects */ = {
			isa = PBXGroup;
			children = (
				338052F92AB8577A001D9AF3 /* AppDelegate.swift */,
				338052FB2AB8577A001D9AF3 /* art.scnassets */,
				338052FD2AB8577A001D9AF3 /* ViewController.swift */,
				338052FF2AB8577A001D9AF3 /* Main.storyboard */,
				338053022AB8577B001D9AF3 /* Assets.xcassets */,
				338053042AB8577B001D9AF3 /* LaunchScreen.storyboard */,
				3380530C2AB8583B001D9AF3 /* chair.dae */,
				3380530D2AB8583B001D9AF3 /* Neil Woo03.jpg */,
				3380530E2AB8583B001D9AF3 /* NeilFabricPlain008.jpg */,
			);
			path = interactionWithARObjects;
			sourceTree = "<group>";
		};
/* End PBXGroup section */

/* Begin PBXNativeTarget section */
		338052F52AB8577A001D9AF3 /* interactionWithARObjects */ = {
			isa = PBXNativeTarget;
			buildConfigurationList = 338053092AB8577B001D9AF3 /* Build configuration list for PBXNativeTarget "interactionWithARObjects" */;
			buildPhases = (
				338052F22AB8577A001D9AF3 /* Sources */,
				338052F32AB8577A001D9AF3 /* Frameworks */,
				338052F42AB8577A001D9AF3 /* Resources */,
			);
			buildRules = (
			);
			dependencies = (
			);
			name = interactionWithARObjects;
			productName = interactionWithARObjects;
			productReference = 338052F62AB8577A001D9AF3 /* interactionWithARObjects.app */;
			productType = "com.apple.product-type.application";
		};
/* End PBXNativeTarget section */

/* Begin PBXProject section */
		338052EE2AB8577A001D9AF3 /* Project object */ = {
			isa = PBXProject;
			attributes = {
				BuildIndependentTargetsInParallel = 1;
				LastSwiftUpdateCheck = 1430;
				LastUpgradeCheck = 1430;
				TargetAttributes = {
					338052F52AB8577A001D9AF3 = {
						CreatedOnToolsVersion = 14.3.1;
					};
				};
			};
			buildConfigurationList = 338052F12AB8577A001D9AF3 /* Build configuration list for PBXProject "interactionWithARObjects" */;
			compatibilityVersion = "Xcode 14.0";
			developmentRegion = en;
			hasScannedForEncodings = 0;
			knownRegions = (
				en,
				Base,
			);
			mainGroup = 338052ED2AB8577A001D9AF3;
			productRefGroup = 338052F72AB8577A001D9AF3 /* Products */;
			projectDirPath = "";
			projectRoot = "";
			targets = (
				338052F52AB8577A001D9AF3 /* interactionWithARObjects */,
			);
		};
/* End PBXProject section */

/* Begin PBXResourcesBuildPhase section */
		338052F42AB8577A001D9AF3 /* Resources */ = {
			isa = PBXResourcesBuildPhase;
			buildActionMask = 2147483647;
			files = (
				338052FC2AB8577A001D9AF3 /* art.scnassets in Resources */,
				338053062AB8577B001D9AF3 /* LaunchScreen.storyboard in Resources */,
				338053032AB8577B001D9AF3 /* Assets.xcassets in Resources */,
				338053102AB8583B001D9AF3 /* Neil Woo03.jpg in Resources */,
				338053012AB8577A001D9AF3 /* Main.storyboard in Resources */,
				338053112AB8583B001D9AF3 /* NeilFabricPlain008.jpg in Resources */,
				3380530F2AB8583B001D9AF3 /* chair.dae in Resources */,
			);
			runOnlyForDeploymentPostprocessing = 0;
		};
/* End PBXResourcesBuildPhase section */

/* Begin PBXSourcesBuildPhase section */
		338052F22AB8577A001D9AF3 /* Sources */ = {
			isa = PBXSourcesBuildPhase;
			buildActionMask = 2147483647;
			files = (
				338052FE2AB8577A001D9AF3 /* ViewController.swift in Sources */,
				338052FA2AB8577A001D9AF3 /* AppDelegate.swift in Sources */,
			);
			runOnlyForDeploymentPostprocessing = 0;
		};
/* End PBXSourcesBuildPhase section */

/* Begin PBXVariantGroup section */
		338052FF2AB8577A001D9AF3 /* Main.storyboard */ = {
			isa = PBXVariantGroup;
			children = (
				338053002AB8577A001D9AF3 /* Base */,
			);
			name = Main.storyboard;
			sourceTree = "<group>";
		};
		338053042AB8577B001D9AF3 /* LaunchScreen.storyboard */ = {
			isa = PBXVariantGroup;
			children = (
				338053052AB8577B001D9AF3 /* Base */,
			);
			name = LaunchScreen.storyboard;
			sourceTree = "<group>";
		};
/* End PBXVariantGroup section */

/* Begin XCBuildConfiguration section */
		338053072AB8577B001D9AF3 /* Debug */ = {
			isa = XCBuildConfiguration;
			buildSettings = {
				ALWAYS_SEARCH_USER_PATHS = NO;
				CLANG_ANALYZER_NONNULL = YES;
				CLANG_ANALYZER_NUMBER_OBJECT_CONVERSION = YES_AGGRESSIVE;
				CLANG_CXX_LANGUAGE_STANDARD = "gnu++20";
				CLANG_ENABLE_MODULES = YES;
				CLANG_ENABLE_OBJC_ARC = YES;
				CLANG_ENABLE_OBJC_WEAK = YES;
				CLANG_WARN_BLOCK_CAPTURE_AUTORELEASING = YES;
				CLANG_WARN_BOOL_CONVERSION = YES;
				CLANG_WARN_COMMA = YES;
				CLANG_WARN_CONSTANT_CONVERSION = YES;
				CLANG_WARN_DEPRECATED_OBJC_IMPLEMENTATIONS = YES;
				CLANG_WARN_DIRECT_OBJC_ISA_USAGE = YES_ERROR;
				CLANG_WARN_DOCUMENTATION_COMMENTS = YES;
				CLANG_WARN_EMPTY_BODY = YES;
				CLANG_WARN_ENUM_CONVERSION = YES;
				CLANG_WARN_INFINITE_RECURSION = YES;
				CLANG_WARN_INT_CONVERSION = YES;
				CLANG_WARN_NON_LITERAL_NULL_CONVERSION = YES;
				CLANG_WARN_OBJC_IMPLICIT_RETAIN_SELF = YES;
				CLANG_WARN_OBJC_LITERAL_CONVERSION = YES;
				CLANG_WARN_OBJC_ROOT_CLASS = YES_ERROR;
				CLANG_WARN_QUOTED_INCLUDE_IN_FRAMEWORK_HEADER = YES;
				CLANG_WARN_RANGE_LOOP_ANALYSIS = YES;
				CLANG_WARN_STRICT_PROTOTYPES = YES;
				CLANG_WARN_SUSPICIOUS_MOVE = YES;
				CLANG_WARN_UNGUARDED_AVAILABILITY = YES_AGGRESSIVE;
				CLANG_WARN_UNREACHABLE_CODE = YES;
				CLANG_WARN__DUPLICATE_METHOD_MATCH = YES;
				COPY_PHASE_STRIP = NO;
				DEBUG_INFORMATION_FORMAT = dwarf;
				ENABLE_STRICT_OBJC_MSGSEND = YES;
				ENABLE_TESTABILITY = YES;
				GCC_C_LANGUAGE_STANDARD = gnu11;
				GCC_DYNAMIC_NO_PIC = NO;
				GCC_NO_COMMON_BLOCKS = YES;
				GCC_OPTIMIZATION_LEVEL = 0;
				GCC_PREPROCESSOR_DEFINITIONS = (
					"DEBUG=1",
					"$(inherited)",
				);
				GCC_WARN_64_TO_32_BIT_CONVERSION = YES;
				GCC_WARN_ABOUT_RETURN_TYPE = YES_ERROR;
				GCC_WARN_UNDECLARED_SELECTOR = YES;
				GCC_WARN_UNINITIALIZED_AUTOS = YES_AGGRESSIVE;
				GCC_WARN_UNUSED_FUNCTION = YES;
				GCC_WARN_UNUSED_VARIABLE = YES;
				IPHONEOS_DEPLOYMENT_TARGET = 16.4;
				MTL_ENABLE_DEBUG_INFO = INCLUDE_SOURCE;
				MTL_FAST_MATH = YES;
				ONLY_ACTIVE_ARCH = YES;
				SDKROOT = iphoneos;
				SWIFT_ACTIVE_COMPILATION_CONDITIONS = DEBUG;
				SWIFT_OPTIMIZATION_LEVEL = "-Onone";
			};
			name = Debug;
		};
		338053082AB8577B001D9AF3 /* Release */ = {
			isa = XCBuildConfiguration;
			buildSettings = {
				ALWAYS_SEARCH_USER_PATHS = NO;
				CLANG_ANALYZER_NONNULL = YES;
				CLANG_ANALYZER_NUMBER_OBJECT_CONVERSION = YES_AGGRESSIVE;
				CLANG_CXX_LANGUAGE_STANDARD = "gnu++20";
				CLANG_ENABLE_MODULES = YES;
				CLANG_ENABLE_OBJC_ARC = YES;
				CLANG_ENABLE_OBJC_WEAK = YES;
				CLANG_WARN_BLOCK_CAPTURE_AUTORELEASING = YES;
				CLANG_WARN_BOOL_CONVERSION = YES;
				CLANG_WARN_COMMA = YES;
				CLANG_WARN_CONSTANT_CONVERSION = YES;
				CLANG_WARN_DEPRECATED_OBJC_IMPLEMENTATIONS = YES;
				CLANG_WARN_DIRECT_OBJC_ISA_USAGE = YES_ERROR;
				CLANG_WARN_DOCUMENTATION_COMMENTS = YES;
				CLANG_WARN_EMPTY_BODY = YES;
				CLANG_WARN_ENUM_CONVERSION = YES;
				CLANG_WARN_INFINITE_RECURSION = YES;
				CLANG_WARN_INT_CONVERSION = YES;
				CLANG_WARN_NON_LITERAL_NULL_CONVERSION = YES;
				CLANG_WARN_OBJC_IMPLICIT_RETAIN_SELF = YES;
				CLANG_WARN_OBJC_LITERAL_CONVERSION = YES;
				CLANG_WARN_OBJC_ROOT_CLASS = YES_ERROR;
				CLANG_WARN_QUOTED_INCLUDE_IN_FRAMEWORK_HEADER = YES;
				CLANG_WARN_RANGE_LOOP_ANALYSIS = YES;
				CLANG_WARN_STRICT_PROTOTYPES = YES;
				CLANG_WARN_SUSPICIOUS_MOVE = YES;
				CLANG_WARN_UNGUARDED_AVAILABILITY = YES_AGGRESSIVE;
				CLANG_WARN_UNREACHABLE_CODE = YES;
				CLANG_WARN__DUPLICATE_METHOD_MATCH = YES;
				COPY_PHASE_STRIP = NO;
				DEBUG_INFORMATION_FORMAT = "dwarf-with-dsym";
				ENABLE_NS_ASSERTIONS = NO;
				ENABLE_STRICT_OBJC_MSGSEND = YES;
				GCC_C_LANGUAGE_STANDARD = gnu11;
				GCC_NO_COMMON_BLOCKS = YES;
				GCC_WARN_64_TO_32_BIT_CONVERSION = YES;
				GCC_WARN_ABOUT_RETURN_TYPE = YES_ERROR;
				GCC_WARN_UNDECLARED_SELECTOR = YES;
				GCC_WARN_UNINITIALIZED_AUTOS = YES_AGGRESSIVE;
				GCC_WARN_UNUSED_FUNCTION = YES;
				GCC_WARN_UNUSED_VARIABLE = YES;
				IPHONEOS_DEPLOYMENT_TARGET = 16.4;
				MTL_ENABLE_DEBUG_INFO = NO;
				MTL_FAST_MATH = YES;
				SDKROOT = iphoneos;
				SWIFT_COMPILATION_MODE = wholemodule;
				SWIFT_OPTIMIZATION_LEVEL = "-O";
				VALIDATE_PRODUCT = YES;
			};
			name = Release;
		};
		3380530A2AB8577B001D9AF3 /* Debug */ = {
			isa = XCBuildConfiguration;
			buildSettings = {
				ASSETCATALOG_COMPILER_APPICON_NAME = AppIcon;
				ASSETCATALOG_COMPILER_GLOBAL_ACCENT_COLOR_NAME = AccentColor;
				CODE_SIGN_STYLE = Automatic;
				CURRENT_PROJECT_VERSION = 1;
				DEVELOPMENT_TEAM = 9F68F57DW8;
				GENERATE_INFOPLIST_FILE = YES;
				INFOPLIST_KEY_NSCameraUsageDescription = "";
				INFOPLIST_KEY_UIApplicationSupportsIndirectInputEvents = YES;
				INFOPLIST_KEY_UILaunchStoryboardName = LaunchScreen;
				INFOPLIST_KEY_UIMainStoryboardFile = Main;
				INFOPLIST_KEY_UIRequiredDeviceCapabilities = arkit;
				INFOPLIST_KEY_UIStatusBarHidden = YES;
				INFOPLIST_KEY_UISupportedInterfaceOrientations_iPad = "UIInterfaceOrientationPortrait UIInterfaceOrientationPortraitUpsideDown UIInterfaceOrientationLandscapeLeft UIInterfaceOrientationLandscapeRight";
				INFOPLIST_KEY_UISupportedInterfaceOrientations_iPhone = "UIInterfaceOrientationPortrait UIInterfaceOrientationLandscapeLeft UIInterfaceOrientationLandscapeRight";
				LD_RUNPATH_SEARCH_PATHS = (
					"$(inherited)",
					"@executable_path/Frameworks",
				);
				MARKETING_VERSION = 1.0;
				PRODUCT_BUNDLE_IDENTIFIER = orgID.interactionWithARObjects;
				PRODUCT_NAME = "$(TARGET_NAME)";
				SWIFT_EMIT_LOC_STRINGS = YES;
				SWIFT_VERSION = 5.0;
				TARGETED_DEVICE_FAMILY = "1,2";
			};
			name = Debug;
		};
		3380530B2AB8577B001D9AF3 /* Release */ = {
			isa = XCBuildConfiguration;
			buildSettings = {
				ASSETCATALOG_COMPILER_APPICON_NAME = AppIcon;
				ASSETCATALOG_COMPILER_GLOBAL_ACCENT_COLOR_NAME = AccentColor;
				CODE_SIGN_STYLE = Automatic;
				CURRENT_PROJECT_VERSION = 1;
				DEVELOPMENT_TEAM = 9F68F57DW8;
				GENERATE_INFOPLIST_FILE = YES;
				INFOPLIST_KEY_NSCameraUsageDescription = "";
				INFOPLIST_KEY_UIApplicationSupportsIndirectInputEvents = YES;
				INFOPLIST_KEY_UILaunchStoryboardName = LaunchScreen;
				INFOPLIST_KEY_UIMainStoryboardFile = Main;
				INFOPLIST_KEY_UIRequiredDeviceCapabilities = arkit;
				INFOPLIST_KEY_UIStatusBarHidden = YES;
				INFOPLIST_KEY_UISupportedInterfaceOrientations_iPad = "UIInterfaceOrientationPortrait UIInterfaceOrientationPortraitUpsideDown UIInterfaceOrientationLandscapeLeft UIInterfaceOrientationLandscapeRight";
				INFOPLIST_KEY_UISupportedInterfaceOrientations_iPhone = "UIInterfaceOrientationPortrait UIInterfaceOrientationLandscapeLeft UIInterfaceOrientationLandscapeRight";
				LD_RUNPATH_SEARCH_PATHS = (
					"$(inherited)",
					"@executable_path/Frameworks",
				);
				MARKETING_VERSION = 1.0;
				PRODUCT_BUNDLE_IDENTIFIER = orgID.interactionWithARObjects;
				PRODUCT_NAME = "$(TARGET_NAME)";
				SWIFT_EMIT_LOC_STRINGS = YES;
				SWIFT_VERSION = 5.0;
				TARGETED_DEVICE_FAMILY = "1,2";
			};
			name = Release;
		};
/* End XCBuildConfiguration section */

/* Begin XCConfigurationList section */
		338052F12AB8577A001D9AF3 /* Build configuration list for PBXProject "interactionWithARObjects" */ = {
			isa = XCConfigurationList;
			buildConfigurations = (
				338053072AB8577B001D9AF3 /* Debug */,
				338053082AB8577B001D9AF3 /* Release */,
			);
			defaultConfigurationIsVisible = 0;
			defaultConfigurationName = Release;
		};
		338053092AB8577B001D9AF3 /* Build configuration list for PBXNativeTarget "interactionWithARObjects" */ = {
			isa = XCConfigurationList;
			buildConfigurations = (
				3380530A2AB8577B001D9AF3 /* Debug */,
				3380530B2AB8577B001D9AF3 /* Release */,
			);
			defaultConfigurationIsVisible = 0;
			defaultConfigurationName = Release;
		};
/* End XCConfigurationList section */
	};
	rootObject = 338052EE2AB8577A001D9AF3 /* Project object */;
}
