// !$*UTF8*$!
{
	archiveVersion = 1;
	classes = {
	};
	objectVersion = 56;
	objects = {

/* Begin PBXBuildFile section */
		33467C5A2ADD74A700A9EEB3 /* AppDelegate.swift in Sources */ = {isa = PBXBuildFile; fileRef = 33467C592ADD74A700A9EEB3 /* AppDelegate.swift */; };
		33467C5C2ADD74A700A9EEB3 /* art.scnassets in Resources */ = {isa = PBXBuildFile; fileRef = 33467C5B2ADD74A700A9EEB3 /* art.scnassets */; };
		33467C5E2ADD74A700A9EEB3 /* ViewController.swift in Sources */ = {isa = PBXBuildFile; fileRef = 33467C5D2ADD74A700A9EEB3 /* ViewController.swift */; };
		33467C612ADD74A700A9EEB3 /* Main.storyboard in Resources */ = {isa = PBXBuildFile; fileRef = 33467C5F2ADD74A700A9EEB3 /* Main.storyboard */; };
		33467C632ADD74A800A9EEB3 /* Assets.xcassets in Resources */ = {isa = PBXBuildFile; fileRef = 33467C622ADD74A800A9EEB3 /* Assets.xcassets */; };
		33467C662ADD74A800A9EEB3 /* LaunchScreen.storyboard in Resources */ = {isa = PBXBuildFile; fileRef = 33467C642ADD74A800A9EEB3 /* LaunchScreen.storyboard */; };
		33467C6D2ADD755600A9EEB3 /* GooglePixelModel.PNG in Resources */ = {isa = PBXBuildFile; fileRef = 33467C6C2ADD755600A9EEB3 /* GooglePixelModel.PNG */; };
		33467C6F2ADD758300A9EEB3 /* Phone_01.mtl in Resources */ = {isa = PBXBuildFile; fileRef = 33467C6E2ADD758300A9EEB3 /* Phone_01.mtl */; };
		33467C712ADD759100A9EEB3 /* texture.jpg in Resources */ = {isa = PBXBuildFile; fileRef = 33467C702ADD759100A9EEB3 /* texture.jpg */; };
		33467C732ADD759A00A9EEB3 /* Phone_01.scn in Resources */ = {isa = PBXBuildFile; fileRef = 33467C722ADD759A00A9EEB3 /* Phone_01.scn */; };
		33467C752ADD75A200A9EEB3 /* GooglePixel.png in Resources */ = {isa = PBXBuildFile; fileRef = 33467C742ADD75A200A9EEB3 /* GooglePixel.png */; };
		33467C772ADD761B00A9EEB3 /* pixel-screenshot.png in Resources */ = {isa = PBXBuildFile; fileRef = 33467C762ADD761B00A9EEB3 /* pixel-screenshot.png */; };
		33467C792ADD765D00A9EEB3 /* Google-Pixel-XL-Black-Back.png in Resources */ = {isa = PBXBuildFile; fileRef = 33467C782ADD765D00A9EEB3 /* Google-Pixel-XL-Black-Back.png */; };
/* End PBXBuildFile section */

/* Begin PBXFileReference section */
		33467C562ADD74A700A9EEB3 /* AddsWithAR.app */ = {isa = PBXFileReference; explicitFileType = wrapper.application; includeInIndex = 0; path = AddsWithAR.app; sourceTree = BUILT_PRODUCTS_DIR; };
		33467C592ADD74A700A9EEB3 /* AppDelegate.swift */ = {isa = PBXFileReference; lastKnownFileType = sourcecode.swift; path = AppDelegate.swift; sourceTree = "<group>"; };
		33467C5B2ADD74A700A9EEB3 /* art.scnassets */ = {isa = PBXFileReference; lastKnownFileType = wrapper.scnassets; path = art.scnassets; sourceTree = "<group>"; };
		33467C5D2ADD74A700A9EEB3 /* ViewController.swift */ = {isa = PBXFileReference; lastKnownFileType = sourcecode.swift; path = ViewController.swift; sourceTree = "<group>"; };
		33467C602ADD74A700A9EEB3 /* Base */ = {isa = PBXFileReference; lastKnownFileType = file.storyboard; name = Base; path = Base.lproj/Main.storyboard; sourceTree = "<group>"; };
		33467C622ADD74A800A9EEB3 /* Assets.xcassets */ = {isa = PBXFileReference; lastKnownFileType = folder.assetcatalog; path = Assets.xcassets; sourceTree = "<group>"; };
		33467C652ADD74A800A9EEB3 /* Base */ = {isa = PBXFileReference; lastKnownFileType = file.storyboard; name = Base; path = Base.lproj/LaunchScreen.storyboard; sourceTree = "<group>"; };
		33467C6C2ADD755600A9EEB3 /* GooglePixelModel.PNG */ = {isa = PBXFileReference; lastKnownFileType = image.png; path = GooglePixelModel.PNG; sourceTree = "<group>"; };
		33467C6E2ADD758300A9EEB3 /* Phone_01.mtl */ = {isa = PBXFileReference; fileEncoding = 4; lastKnownFileType = text; path = Phone_01.mtl; sourceTree = "<group>"; };
		33467C702ADD759100A9EEB3 /* texture.jpg */ = {isa = PBXFileReference; lastKnownFileType = image.jpeg; path = texture.jpg; sourceTree = "<group>"; };
		33467C722ADD759A00A9EEB3 /* Phone_01.scn */ = {isa = PBXFileReference; lastKnownFileType = file.bplist; path = Phone_01.scn; sourceTree = "<group>"; };
		33467C742ADD75A200A9EEB3 /* GooglePixel.png */ = {isa = PBXFileReference; lastKnownFileType = image.png; path = GooglePixel.png; sourceTree = "<group>"; };
		33467C762ADD761B00A9EEB3 /* pixel-screenshot.png */ = {isa = PBXFileReference; lastKnownFileType = image.png; path = "pixel-screenshot.png"; sourceTree = "<group>"; };
		33467C782ADD765D00A9EEB3 /* Google-Pixel-XL-Black-Back.png */ = {isa = PBXFileReference; lastKnownFileType = image.png; path = "Google-Pixel-XL-Black-Back.png"; sourceTree = "<group>"; };
/* End PBXFileReference section */

/* Begin PBXFrameworksBuildPhase section */
		33467C532ADD74A700A9EEB3 /* Frameworks */ = {
			isa = PBXFrameworksBuildPhase;
			buildActionMask = 2147483647;
			files = (
			);
			runOnlyForDeploymentPostprocessing = 0;
		};
/* End PBXFrameworksBuildPhase section */

/* Begin PBXGroup section */
		33467C4D2ADD74A700A9EEB3 = {
			isa = PBXGroup;
			children = (
				33467C582ADD74A700A9EEB3 /* AddsWithAR */,
				33467C572ADD74A700A9EEB3 /* Products */,
			);
			sourceTree = "<group>";
		};
		33467C572ADD74A700A9EEB3 /* Products */ = {
			isa = PBXGroup;
			children = (
				33467C562ADD74A700A9EEB3 /* AddsWithAR.app */,
			);
			name = Products;
			sourceTree = "<group>";
		};
		33467C582ADD74A700A9EEB3 /* AddsWithAR */ = {
			isa = PBXGroup;
			children = (
				33467C592ADD74A700A9EEB3 /* AppDelegate.swift */,
				33467C5B2ADD74A700A9EEB3 /* art.scnassets */,
				33467C5D2ADD74A700A9EEB3 /* ViewController.swift */,
				33467C5F2ADD74A700A9EEB3 /* Main.storyboard */,
				33467C622ADD74A800A9EEB3 /* Assets.xcassets */,
				33467C642ADD74A800A9EEB3 /* LaunchScreen.storyboard */,
				33467C6C2ADD755600A9EEB3 /* GooglePixelModel.PNG */,
				33467C6E2ADD758300A9EEB3 /* Phone_01.mtl */,
				33467C702ADD759100A9EEB3 /* texture.jpg */,
				33467C722ADD759A00A9EEB3 /* Phone_01.scn */,
				33467C742ADD75A200A9EEB3 /* GooglePixel.png */,
				33467C762ADD761B00A9EEB3 /* pixel-screenshot.png */,
				33467C782ADD765D00A9EEB3 /* Google-Pixel-XL-Black-Back.png */,
			);
			path = AddsWithAR;
			sourceTree = "<group>";
		};
/* End PBXGroup section */

/* Begin PBXNativeTarget section */
		33467C552ADD74A700A9EEB3 /* AddsWithAR */ = {
			isa = PBXNativeTarget;
			buildConfigurationList = 33467C692ADD74A800A9EEB3 /* Build configuration list for PBXNativeTarget "AddsWithAR" */;
			buildPhases = (
				33467C522ADD74A700A9EEB3 /* Sources */,
				33467C532ADD74A700A9EEB3 /* Frameworks */,
				33467C542ADD74A700A9EEB3 /* Resources */,
			);
			buildRules = (
			);
			dependencies = (
			);
			name = AddsWithAR;
			productName = AddsWithAR;
			productReference = 33467C562ADD74A700A9EEB3 /* AddsWithAR.app */;
			productType = "com.apple.product-type.application";
		};
/* End PBXNativeTarget section */

/* Begin PBXProject section */
		33467C4E2ADD74A700A9EEB3 /* Project object */ = {
			isa = PBXProject;
			attributes = {
				BuildIndependentTargetsInParallel = 1;
				LastSwiftUpdateCheck = 1430;
				LastUpgradeCheck = 1430;
				TargetAttributes = {
					33467C552ADD74A700A9EEB3 = {
						CreatedOnToolsVersion = 14.3.1;
					};
				};
			};
			buildConfigurationList = 33467C512ADD74A700A9EEB3 /* Build configuration list for PBXProject "AddsWithAR" */;
			compatibilityVersion = "Xcode 14.0";
			developmentRegion = en;
			hasScannedForEncodings = 0;
			knownRegions = (
				en,
				Base,
			);
			mainGroup = 33467C4D2ADD74A700A9EEB3;
			productRefGroup = 33467C572ADD74A700A9EEB3 /* Products */;
			projectDirPath = "";
			projectRoot = "";
			targets = (
				33467C552ADD74A700A9EEB3 /* AddsWithAR */,
			);
		};
/* End PBXProject section */

/* Begin PBXResourcesBuildPhase section */
		33467C542ADD74A700A9EEB3 /* Resources */ = {
			isa = PBXResourcesBuildPhase;
			buildActionMask = 2147483647;
			files = (
				33467C732ADD759A00A9EEB3 /* Phone_01.scn in Resources */,
				33467C5C2ADD74A700A9EEB3 /* art.scnassets in Resources */,
				33467C712ADD759100A9EEB3 /* texture.jpg in Resources */,
				33467C662ADD74A800A9EEB3 /* LaunchScreen.storyboard in Resources */,
				33467C772ADD761B00A9EEB3 /* pixel-screenshot.png in Resources */,
				33467C632ADD74A800A9EEB3 /* Assets.xcassets in Resources */,
				33467C792ADD765D00A9EEB3 /* Google-Pixel-XL-Black-Back.png in Resources */,
				33467C6D2ADD755600A9EEB3 /* GooglePixelModel.PNG in Resources */,
				33467C612ADD74A700A9EEB3 /* Main.storyboard in Resources */,
				33467C752ADD75A200A9EEB3 /* GooglePixel.png in Resources */,
				33467C6F2ADD758300A9EEB3 /* Phone_01.mtl in Resources */,
			);
			runOnlyForDeploymentPostprocessing = 0;
		};
/* End PBXResourcesBuildPhase section */

/* Begin PBXSourcesBuildPhase section */
		33467C522ADD74A700A9EEB3 /* Sources */ = {
			isa = PBXSourcesBuildPhase;
			buildActionMask = 2147483647;
			files = (
				33467C5E2ADD74A700A9EEB3 /* ViewController.swift in Sources */,
				33467C5A2ADD74A700A9EEB3 /* AppDelegate.swift in Sources */,
			);
			runOnlyForDeploymentPostprocessing = 0;
		};
/* End PBXSourcesBuildPhase section */

/* Begin PBXVariantGroup section */
		33467C5F2ADD74A700A9EEB3 /* Main.storyboard */ = {
			isa = PBXVariantGroup;
			children = (
				33467C602ADD74A700A9EEB3 /* Base */,
			);
			name = Main.storyboard;
			sourceTree = "<group>";
		};
		33467C642ADD74A800A9EEB3 /* LaunchScreen.storyboard */ = {
			isa = PBXVariantGroup;
			children = (
				33467C652ADD74A800A9EEB3 /* Base */,
			);
			name = LaunchScreen.storyboard;
			sourceTree = "<group>";
		};
/* End PBXVariantGroup section */

/* Begin XCBuildConfiguration section */
		33467C672ADD74A800A9EEB3 /* Debug */ = {
			isa = XCBuildConfiguration;
			buildSettings = {
				ALWAYS_SEARCH_USER_PATHS = NO;
				CLANG_ANALYZER_NONNULL = YES;
				CLANG_ANALYZER_NUMBER_OBJECT_CONVERSION = YES_AGGRESSIVE;
				CLANG_CXX_LANGUAGE_STANDARD = "gnu++20";
				CLANG_ENABLE_MODULES = YES;
				CLANG_ENABLE_OBJC_ARC = YES;
				CLANG_ENABLE_OBJC_WEAK = YES;
				CLANG_WARN_BLOCK_CAPTURE_AUTORELEASING = YES;
				CLANG_WARN_BOOL_CONVERSION = YES;
				CLANG_WARN_COMMA = YES;
				CLANG_WARN_CONSTANT_CONVERSION = YES;
				CLANG_WARN_DEPRECATED_OBJC_IMPLEMENTATIONS = YES;
				CLANG_WARN_DIRECT_OBJC_ISA_USAGE = YES_ERROR;
				CLANG_WARN_DOCUMENTATION_COMMENTS = YES;
				CLANG_WARN_EMPTY_BODY = YES;
				CLANG_WARN_ENUM_CONVERSION = YES;
				CLANG_WARN_INFINITE_RECURSION = YES;
				CLANG_WARN_INT_CONVERSION = YES;
				CLANG_WARN_NON_LITERAL_NULL_CONVERSION = YES;
				CLANG_WARN_OBJC_IMPLICIT_RETAIN_SELF = YES;
				CLANG_WARN_OBJC_LITERAL_CONVERSION = YES;
				CLANG_WARN_OBJC_ROOT_CLASS = YES_ERROR;
				CLANG_WARN_QUOTED_INCLUDE_IN_FRAMEWORK_HEADER = YES;
				CLANG_WARN_RANGE_LOOP_ANALYSIS = YES;
				CLANG_WARN_STRICT_PROTOTYPES = YES;
				CLANG_WARN_SUSPICIOUS_MOVE = YES;
				CLANG_WARN_UNGUARDED_AVAILABILITY = YES_AGGRESSIVE;
				CLANG_WARN_UNREACHABLE_CODE = YES;
				CLANG_WARN__DUPLICATE_METHOD_MATCH = YES;
				COPY_PHASE_STRIP = NO;
				DEBUG_INFORMATION_FORMAT = dwarf;
				ENABLE_STRICT_OBJC_MSGSEND = YES;
				ENABLE_TESTABILITY = YES;
				GCC_C_LANGUAGE_STANDARD = gnu11;
				GCC_DYNAMIC_NO_PIC = NO;
				GCC_NO_COMMON_BLOCKS = YES;
				GCC_OPTIMIZATION_LEVEL = 0;
				GCC_PREPROCESSOR_DEFINITIONS = (
					"DEBUG=1",
					"$(inherited)",
				);
				GCC_WARN_64_TO_32_BIT_CONVERSION = YES;
				GCC_WARN_ABOUT_RETURN_TYPE = YES_ERROR;
				GCC_WARN_UNDECLARED_SELECTOR = YES;
				GCC_WARN_UNINITIALIZED_AUTOS = YES_AGGRESSIVE;
				GCC_WARN_UNUSED_FUNCTION = YES;
				GCC_WARN_UNUSED_VARIABLE = YES;
				IPHONEOS_DEPLOYMENT_TARGET = 16.4;
				MTL_ENABLE_DEBUG_INFO = INCLUDE_SOURCE;
				MTL_FAST_MATH = YES;
				ONLY_ACTIVE_ARCH = YES;
				SDKROOT = iphoneos;
				SWIFT_ACTIVE_COMPILATION_CONDITIONS = DEBUG;
				SWIFT_OPTIMIZATION_LEVEL = "-Onone";
			};
			name = Debug;
		};
		33467C682ADD74A800A9EEB3 /* Release */ = {
			isa = XCBuildConfiguration;
			buildSettings = {
				ALWAYS_SEARCH_USER_PATHS = NO;
				CLANG_ANALYZER_NONNULL = YES;
				CLANG_ANALYZER_NUMBER_OBJECT_CONVERSION = YES_AGGRESSIVE;
				CLANG_CXX_LANGUAGE_STANDARD = "gnu++20";
				CLANG_ENABLE_MODULES = YES;
				CLANG_ENABLE_OBJC_ARC = YES;
				CLANG_ENABLE_OBJC_WEAK = YES;
				CLANG_WARN_BLOCK_CAPTURE_AUTORELEASING = YES;
				CLANG_WARN_BOOL_CONVERSION = YES;
				CLANG_WARN_COMMA = YES;
				CLANG_WARN_CONSTANT_CONVERSION = YES;
				CLANG_WARN_DEPRECATED_OBJC_IMPLEMENTATIONS = YES;
				CLANG_WARN_DIRECT_OBJC_ISA_USAGE = YES_ERROR;
				CLANG_WARN_DOCUMENTATION_COMMENTS = YES;
				CLANG_WARN_EMPTY_BODY = YES;
				CLANG_WARN_ENUM_CONVERSION = YES;
				CLANG_WARN_INFINITE_RECURSION = YES;
				CLANG_WARN_INT_CONVERSION = YES;
				CLANG_WARN_NON_LITERAL_NULL_CONVERSION = YES;
				CLANG_WARN_OBJC_IMPLICIT_RETAIN_SELF = YES;
				CLANG_WARN_OBJC_LITERAL_CONVERSION = YES;
				CLANG_WARN_OBJC_ROOT_CLASS = YES_ERROR;
				CLANG_WARN_QUOTED_INCLUDE_IN_FRAMEWORK_HEADER = YES;
				CLANG_WARN_RANGE_LOOP_ANALYSIS = YES;
				CLANG_WARN_STRICT_PROTOTYPES = YES;
				CLANG_WARN_SUSPICIOUS_MOVE = YES;
				CLANG_WARN_UNGUARDED_AVAILABILITY = YES_AGGRESSIVE;
				CLANG_WARN_UNREACHABLE_CODE = YES;
				CLANG_WARN__DUPLICATE_METHOD_MATCH = YES;
				COPY_PHASE_STRIP = NO;
				DEBUG_INFORMATION_FORMAT = "dwarf-with-dsym";
				ENABLE_NS_ASSERTIONS = NO;
				ENABLE_STRICT_OBJC_MSGSEND = YES;
				GCC_C_LANGUAGE_STANDARD = gnu11;
				GCC_NO_COMMON_BLOCKS = YES;
				GCC_WARN_64_TO_32_BIT_CONVERSION = YES;
				GCC_WARN_ABOUT_RETURN_TYPE = YES_ERROR;
				GCC_WARN_UNDECLARED_SELECTOR = YES;
				GCC_WARN_UNINITIALIZED_AUTOS = YES_AGGRESSIVE;
				GCC_WARN_UNUSED_FUNCTION = YES;
				GCC_WARN_UNUSED_VARIABLE = YES;
				IPHONEOS_DEPLOYMENT_TARGET = 16.4;
				MTL_ENABLE_DEBUG_INFO = NO;
				MTL_FAST_MATH = YES;
				SDKROOT = iphoneos;
				SWIFT_COMPILATION_MODE = wholemodule;
				SWIFT_OPTIMIZATION_LEVEL = "-O";
				VALIDATE_PRODUCT = YES;
			};
			name = Release;
		};
		33467C6A2ADD74A800A9EEB3 /* Debug */ = {
			isa = XCBuildConfiguration;
			buildSettings = {
				ASSETCATALOG_COMPILER_APPICON_NAME = AppIcon;
				ASSETCATALOG_COMPILER_GLOBAL_ACCENT_COLOR_NAME = AccentColor;
				CODE_SIGN_STYLE = Automatic;
				CURRENT_PROJECT_VERSION = 1;
				DEVELOPMENT_TEAM = 9F68F57DW8;
				GENERATE_INFOPLIST_FILE = YES;
				INFOPLIST_KEY_NSCameraUsageDescription = "";
				INFOPLIST_KEY_UIApplicationSupportsIndirectInputEvents = YES;
				INFOPLIST_KEY_UILaunchStoryboardName = LaunchScreen;
				INFOPLIST_KEY_UIMainStoryboardFile = Main;
				INFOPLIST_KEY_UIRequiredDeviceCapabilities = arkit;
				INFOPLIST_KEY_UIStatusBarHidden = YES;
				INFOPLIST_KEY_UISupportedInterfaceOrientations_iPad = "UIInterfaceOrientationPortrait UIInterfaceOrientationPortraitUpsideDown UIInterfaceOrientationLandscapeLeft UIInterfaceOrientationLandscapeRight";
				INFOPLIST_KEY_UISupportedInterfaceOrientations_iPhone = "UIInterfaceOrientationPortrait UIInterfaceOrientationLandscapeLeft UIInterfaceOrientationLandscapeRight";
				LD_RUNPATH_SEARCH_PATHS = (
					"$(inherited)",
					"@executable_path/Frameworks",
				);
				MARKETING_VERSION = 1.0;
				PRODUCT_BUNDLE_IDENTIFIER = orgID.AddsWithAR;
				PRODUCT_NAME = "$(TARGET_NAME)";
				SWIFT_EMIT_LOC_STRINGS = YES;
				SWIFT_VERSION = 5.0;
				TARGETED_DEVICE_FAMILY = "1,2";
			};
			name = Debug;
		};
		33467C6B2ADD74A800A9EEB3 /* Release */ = {
			isa = XCBuildConfiguration;
			buildSettings = {
				ASSETCATALOG_COMPILER_APPICON_NAME = AppIcon;
				ASSETCATALOG_COMPILER_GLOBAL_ACCENT_COLOR_NAME = AccentColor;
				CODE_SIGN_STYLE = Automatic;
				CURRENT_PROJECT_VERSION = 1;
				DEVELOPMENT_TEAM = 9F68F57DW8;
				GENERATE_INFOPLIST_FILE = YES;
				INFOPLIST_KEY_NSCameraUsageDescription = "";
				INFOPLIST_KEY_UIApplicationSupportsIndirectInputEvents = YES;
				INFOPLIST_KEY_UILaunchStoryboardName = LaunchScreen;
				INFOPLIST_KEY_UIMainStoryboardFile = Main;
				INFOPLIST_KEY_UIRequiredDeviceCapabilities = arkit;
				INFOPLIST_KEY_UIStatusBarHidden = YES;
				INFOPLIST_KEY_UISupportedInterfaceOrientations_iPad = "UIInterfaceOrientationPortrait UIInterfaceOrientationPortraitUpsideDown UIInterfaceOrientationLandscapeLeft UIInterfaceOrientationLandscapeRight";
				INFOPLIST_KEY_UISupportedInterfaceOrientations_iPhone = "UIInterfaceOrientationPortrait UIInterfaceOrientationLandscapeLeft UIInterfaceOrientationLandscapeRight";
				LD_RUNPATH_SEARCH_PATHS = (
					"$(inherited)",
					"@executable_path/Frameworks",
				);
				MARKETING_VERSION = 1.0;
				PRODUCT_BUNDLE_IDENTIFIER = orgID.AddsWithAR;
				PRODUCT_NAME = "$(TARGET_NAME)";
				SWIFT_EMIT_LOC_STRINGS = YES;
				SWIFT_VERSION = 5.0;
				TARGETED_DEVICE_FAMILY = "1,2";
			};
			name = Release;
		};
/* End XCBuildConfiguration section */

/* Begin XCConfigurationList section */
		33467C512ADD74A700A9EEB3 /* Build configuration list for PBXProject "AddsWithAR" */ = {
			isa = XCConfigurationList;
			buildConfigurations = (
				33467C672ADD74A800A9EEB3 /* Debug */,
				33467C682ADD74A800A9EEB3 /* Release */,
			);
			defaultConfigurationIsVisible = 0;
			defaultConfigurationName = Release;
		};
		33467C692ADD74A800A9EEB3 /* Build configuration list for PBXNativeTarget "AddsWithAR" */ = {
			isa = XCConfigurationList;
			buildConfigurations = (
				33467C6A2ADD74A800A9EEB3 /* Debug */,
				33467C6B2ADD74A800A9EEB3 /* Release */,
			);
			defaultConfigurationIsVisible = 0;
			defaultConfigurationName = Release;
		};
/* End XCConfigurationList section */
	};
	rootObject = 33467C4E2ADD74A700A9EEB3 /* Project object */;
}
